
Microsoft Visual Studio Solution File, Format Version 12.00
# Visual Studio Version 16
VisualStudioVersion = 16.0.31605.320
MinimumVisualStudioVersion = 10.0.40219.1
Project("{FAE04EC0-301F-11D3-BF4B-00C04F79EFBC}") = "Indexsers", "Indexsers\Indexsers.csproj", "{2192F6C2-150E-4653-9149-5B858E69A57D}"
EndProject
Global
	GlobalSection(SolutionConfigurationPlatforms) = preSolution
		Debug|Any CPU = Debug|Any CPU
		Release|Any CPU = Release|Any CPU
	EndGlobalSection
	GlobalSection(ProjectConfigurationPlatforms) = postSolution
		{2192F6C2-150E-4653-9149-5B858E69A57D}.Debug|Any CPU.ActiveCfg = Debug|Any CPU
		{2192F6C2-150E-4653-9149-5B858E69A57D}.Debug|Any CPU.Build.0 = Debug|Any CPU
		{2192F6C2-150E-4653-9149-5B858E69A57D}.Release|Any CPU.ActiveCfg = Release|Any CPU
		{2192F6C2-150E-4653-9149-5B858E69A57D}.Release|Any CPU.Build.0 = Release|Any CPU
	EndGlobalSection
	GlobalSection(SolutionProperties) = preSolution
		HideSolutionNode = FALSE
	EndGlobalSection
	GlobalSection(ExtensibilityGlobals) = postSolution
		SolutionGuid = {E10185C9-ECE7-476B-BC62-33D93F55219E}
	EndGlobalSection
EndGlobal
