
Microsoft Visual Studio Solution File, Format Version 12.00
# Visual Studio Version 16
VisualStudioVersion = 16.0.31205.134
MinimumVisualStudioVersion = 10.0.40219.1
Project("{FAE04EC0-301F-11D3-BF4B-00C04F79EFBC}") = "array", "array\array.csproj", "{416F5E1E-0EE9-4B5E-92E5-D7363AC644EB}"
EndProject
Global
	GlobalSection(SolutionConfigurationPlatforms) = preSolution
		Debug|Any CPU = Debug|Any CPU
		Release|Any CPU = Release|Any CPU
	EndGlobalSection
	GlobalSection(ProjectConfigurationPlatforms) = postSolution
		{416F5E1E-0EE9-4B5E-92E5-D7363AC644EB}.Debug|Any CPU.ActiveCfg = Debug|Any CPU
		{416F5E1E-0EE9-4B5E-92E5-D7363AC644EB}.Debug|Any CPU.Build.0 = Debug|Any CPU
		{416F5E1E-0EE9-4B5E-92E5-D7363AC644EB}.Release|Any CPU.ActiveCfg = Release|Any CPU
		{416F5E1E-0EE9-4B5E-92E5-D7363AC644EB}.Release|Any CPU.Build.0 = Release|Any CPU
	EndGlobalSection
	GlobalSection(SolutionProperties) = preSolution
		HideSolutionNode = FALSE
	EndGlobalSection
	GlobalSection(ExtensibilityGlobals) = postSolution
		SolutionGuid = {452754FF-789F-4230-A510-6DE3A94F515D}
	EndGlobalSection
EndGlobal
