
Microsoft Visual Studio Solution File, Format Version 12.00
# Visual Studio Version 17
VisualStudioVersion = 17.0.31612.314
MinimumVisualStudioVersion = 10.0.40219.1
Project("{FAE04EC0-301F-11D3-BF4B-00C04F79EFBC}") = "GameProjectEF", "GameProjectEF\GameProjectEF.csproj", "{DD943165-9609-42E1-ADD9-F9D5A3A2672D}"
EndProject
Global
	GlobalSection(SolutionConfigurationPlatforms) = preSolution
		Debug|Any CPU = Debug|Any CPU
		Release|Any CPU = Release|Any CPU
	EndGlobalSection
	GlobalSection(ProjectConfigurationPlatforms) = postSolution
		{DD943165-9609-42E1-ADD9-F9D5A3A2672D}.Debug|Any CPU.ActiveCfg = Debug|Any CPU
		{DD943165-9609-42E1-ADD9-F9D5A3A2672D}.Debug|Any CPU.Build.0 = Debug|Any CPU
		{DD943165-9609-42E1-ADD9-F9D5A3A2672D}.Release|Any CPU.ActiveCfg = Release|Any CPU
		{DD943165-9609-42E1-ADD9-F9D5A3A2672D}.Release|Any CPU.Build.0 = Release|Any CPU
	EndGlobalSection
	GlobalSection(SolutionProperties) = preSolution
		HideSolutionNode = FALSE
	EndGlobalSection
	GlobalSection(ExtensibilityGlobals) = postSolution
		SolutionGuid = {BB081E74-C36D-487E-BF2F-A741E2FA33E3}
	EndGlobalSection
EndGlobal
