
Microsoft Visual Studio Solution File, Format Version 12.00
# Visual Studio Version 17
VisualStudioVersion = 17.0.31825.309
MinimumVisualStudioVersion = 10.0.40219.1
Project("{FAE04EC0-301F-11D3-BF4B-00C04F79EFBC}") = "Threads1", "Threads1\Threads1.csproj", "{D5852FBA-1FE7-4455-8FA4-10EC9A17EE6D}"
EndProject
Global
	GlobalSection(SolutionConfigurationPlatforms) = preSolution
		Debug|Any CPU = Debug|Any CPU
		Release|Any CPU = Release|Any CPU
	EndGlobalSection
	GlobalSection(ProjectConfigurationPlatforms) = postSolution
		{D5852FBA-1FE7-4455-8FA4-10EC9A17EE6D}.Debug|Any CPU.ActiveCfg = Debug|Any CPU
		{D5852FBA-1FE7-4455-8FA4-10EC9A17EE6D}.Debug|Any CPU.Build.0 = Debug|Any CPU
		{D5852FBA-1FE7-4455-8FA4-10EC9A17EE6D}.Release|Any CPU.ActiveCfg = Release|Any CPU
		{D5852FBA-1FE7-4455-8FA4-10EC9A17EE6D}.Release|Any CPU.Build.0 = Release|Any CPU
	EndGlobalSection
	GlobalSection(SolutionProperties) = preSolution
		HideSolutionNode = FALSE
	EndGlobalSection
	GlobalSection(ExtensibilityGlobals) = postSolution
		SolutionGuid = {2D8B40CA-9454-47D0-BCAF-58EC03722DD1}
	EndGlobalSection
EndGlobal
