
Microsoft Visual Studio Solution File, Format Version 12.00
# Visual Studio Version 17
VisualStudioVersion = 17.0.31606.5
MinimumVisualStudioVersion = 10.0.40219.1
Project("{FAE04EC0-301F-11D3-BF4B-00C04F79EFBC}") = "HM_Indexsers", "HM_Indexsers\HM_Indexsers.csproj", "{302EFE7B-0937-49AC-B294-809A6E1CBC0F}"
EndProject
Global
	GlobalSection(SolutionConfigurationPlatforms) = preSolution
		Debug|Any CPU = Debug|Any CPU
		Release|Any CPU = Release|Any CPU
	EndGlobalSection
	GlobalSection(ProjectConfigurationPlatforms) = postSolution
		{302EFE7B-0937-49AC-B294-809A6E1CBC0F}.Debug|Any CPU.ActiveCfg = Debug|Any CPU
		{302EFE7B-0937-49AC-B294-809A6E1CBC0F}.Debug|Any CPU.Build.0 = Debug|Any CPU
		{302EFE7B-0937-49AC-B294-809A6E1CBC0F}.Release|Any CPU.ActiveCfg = Release|Any CPU
		{302EFE7B-0937-49AC-B294-809A6E1CBC0F}.Release|Any CPU.Build.0 = Release|Any CPU
	EndGlobalSection
	GlobalSection(SolutionProperties) = preSolution
		HideSolutionNode = FALSE
	EndGlobalSection
	GlobalSection(ExtensibilityGlobals) = postSolution
		SolutionGuid = {0DA2E696-8F9E-412D-947F-C2FD63D9B4F6}
	EndGlobalSection
EndGlobal
