
Microsoft Visual Studio Solution File, Format Version 12.00
# Visual Studio Version 17
VisualStudioVersion = 17.0.31612.314
MinimumVisualStudioVersion = 10.0.40219.1
Project("{FAE04EC0-301F-11D3-BF4B-00C04F79EFBC}") = "HM_Delegates", "HM_Delegates\HM_Delegates.csproj", "{47980CDF-6684-4EC9-9D07-A3BE6FA74C94}"
EndProject
Project("{FAE04EC0-301F-11D3-BF4B-00C04F79EFBC}") = "HM_DelegatesStudent", "HM_DelegatesStudent\HM_DelegatesStudent.csproj", "{640C7D9D-EB94-4BE8-9B3A-66DE88235A97}"
EndProject
Global
	GlobalSection(SolutionConfigurationPlatforms) = preSolution
		Debug|Any CPU = Debug|Any CPU
		Release|Any CPU = Release|Any CPU
	EndGlobalSection
	GlobalSection(ProjectConfigurationPlatforms) = postSolution
		{47980CDF-6684-4EC9-9D07-A3BE6FA74C94}.Debug|Any CPU.ActiveCfg = Debug|Any CPU
		{47980CDF-6684-4EC9-9D07-A3BE6FA74C94}.Debug|Any CPU.Build.0 = Debug|Any CPU
		{47980CDF-6684-4EC9-9D07-A3BE6FA74C94}.Release|Any CPU.ActiveCfg = Release|Any CPU
		{47980CDF-6684-4EC9-9D07-A3BE6FA74C94}.Release|Any CPU.Build.0 = Release|Any CPU
		{640C7D9D-EB94-4BE8-9B3A-66DE88235A97}.Debug|Any CPU.ActiveCfg = Debug|Any CPU
		{640C7D9D-EB94-4BE8-9B3A-66DE88235A97}.Debug|Any CPU.Build.0 = Debug|Any CPU
		{640C7D9D-EB94-4BE8-9B3A-66DE88235A97}.Release|Any CPU.ActiveCfg = Release|Any CPU
		{640C7D9D-EB94-4BE8-9B3A-66DE88235A97}.Release|Any CPU.Build.0 = Release|Any CPU
	EndGlobalSection
	GlobalSection(SolutionProperties) = preSolution
		HideSolutionNode = FALSE
	EndGlobalSection
	GlobalSection(ExtensibilityGlobals) = postSolution
		SolutionGuid = {BA55752C-CC60-4AE3-8259-5F2B8F254835}
	EndGlobalSection
EndGlobal
