
Microsoft Visual Studio Solution File, Format Version 12.00
# Visual Studio Version 17
VisualStudioVersion = 17.0.31612.314
MinimumVisualStudioVersion = 10.0.40219.1
Project("{9A19103F-16F7-4668-BE54-9A1E7A4F7556}") = "AnonymusMethods", "AnonymusMethods\AnonymusMethods.csproj", "{140DAC11-9826-478A-A2E8-46DFB2F924C6}"
EndProject
Project("{FAE04EC0-301F-11D3-BF4B-00C04F79EFBC}") = "SystemGenricsDelegates", "SystemGenricsDelegates\SystemGenricsDelegates.csproj", "{FE2A366E-C439-4D95-B1BF-3019DF294AA2}"
EndProject
Global
	GlobalSection(SolutionConfigurationPlatforms) = preSolution
		Debug|Any CPU = Debug|Any CPU
		Release|Any CPU = Release|Any CPU
	EndGlobalSection
	GlobalSection(ProjectConfigurationPlatforms) = postSolution
		{140DAC11-9826-478A-A2E8-46DFB2F924C6}.Debug|Any CPU.ActiveCfg = Debug|Any CPU
		{140DAC11-9826-478A-A2E8-46DFB2F924C6}.Debug|Any CPU.Build.0 = Debug|Any CPU
		{140DAC11-9826-478A-A2E8-46DFB2F924C6}.Release|Any CPU.ActiveCfg = Release|Any CPU
		{140DAC11-9826-478A-A2E8-46DFB2F924C6}.Release|Any CPU.Build.0 = Release|Any CPU
		{FE2A366E-C439-4D95-B1BF-3019DF294AA2}.Debug|Any CPU.ActiveCfg = Debug|Any CPU
		{FE2A366E-C439-4D95-B1BF-3019DF294AA2}.Debug|Any CPU.Build.0 = Debug|Any CPU
		{FE2A366E-C439-4D95-B1BF-3019DF294AA2}.Release|Any CPU.ActiveCfg = Release|Any CPU
		{FE2A366E-C439-4D95-B1BF-3019DF294AA2}.Release|Any CPU.Build.0 = Release|Any CPU
	EndGlobalSection
	GlobalSection(SolutionProperties) = preSolution
		HideSolutionNode = FALSE
	EndGlobalSection
	GlobalSection(ExtensibilityGlobals) = postSolution
		SolutionGuid = {9EE4DF0A-9CCD-4821-96DB-85A00DFD02D1}
	EndGlobalSection
EndGlobal
