
Microsoft Visual Studio Solution File, Format Version 12.00
# Visual Studio Version 16
VisualStudioVersion = 16.0.31410.357
MinimumVisualStudioVersion = 10.0.40219.1
Project("{FAE04EC0-301F-11D3-BF4B-00C04F79EFBC}") = "Properties", "Properties\Properties.csproj", "{308DA40C-40F9-46C5-B444-DF3D59321655}"
EndProject
Global
	GlobalSection(SolutionConfigurationPlatforms) = preSolution
		Debug|Any CPU = Debug|Any CPU
		Release|Any CPU = Release|Any CPU
	EndGlobalSection
	GlobalSection(ProjectConfigurationPlatforms) = postSolution
		{308DA40C-40F9-46C5-B444-DF3D59321655}.Debug|Any CPU.ActiveCfg = Debug|Any CPU
		{308DA40C-40F9-46C5-B444-DF3D59321655}.Debug|Any CPU.Build.0 = Debug|Any CPU
		{308DA40C-40F9-46C5-B444-DF3D59321655}.Release|Any CPU.ActiveCfg = Release|Any CPU
		{308DA40C-40F9-46C5-B444-DF3D59321655}.Release|Any CPU.Build.0 = Release|Any CPU
	EndGlobalSection
	GlobalSection(SolutionProperties) = preSolution
		HideSolutionNode = FALSE
	EndGlobalSection
	GlobalSection(ExtensibilityGlobals) = postSolution
		SolutionGuid = {1413C3D6-DE6C-43C9-9D8B-43466471ADE8}
	EndGlobalSection
EndGlobal
