
Microsoft Visual Studio Solution File, Format Version 12.00
# Visual Studio Version 16
VisualStudioVersion = 16.0.31410.357
MinimumVisualStudioVersion = 10.0.40219.1
Project("{FAE04EC0-301F-11D3-BF4B-00C04F79EFBC}") = "Intarfaces", "Intarfaces\Intarfaces.csproj", "{48D551DC-164E-43E5-8DEF-3222FC983D0C}"
EndProject
Global
	GlobalSection(SolutionConfigurationPlatforms) = preSolution
		Debug|Any CPU = Debug|Any CPU
		Release|Any CPU = Release|Any CPU
	EndGlobalSection
	GlobalSection(ProjectConfigurationPlatforms) = postSolution
		{48D551DC-164E-43E5-8DEF-3222FC983D0C}.Debug|Any CPU.ActiveCfg = Debug|Any CPU
		{48D551DC-164E-43E5-8DEF-3222FC983D0C}.Debug|Any CPU.Build.0 = Debug|Any CPU
		{48D551DC-164E-43E5-8DEF-3222FC983D0C}.Release|Any CPU.ActiveCfg = Release|Any CPU
		{48D551DC-164E-43E5-8DEF-3222FC983D0C}.Release|Any CPU.Build.0 = Release|Any CPU
	EndGlobalSection
	GlobalSection(SolutionProperties) = preSolution
		HideSolutionNode = FALSE
	EndGlobalSection
	GlobalSection(ExtensibilityGlobals) = postSolution
		SolutionGuid = {52327F34-13DD-4893-BB49-23E6969C69E6}
	EndGlobalSection
EndGlobal
